
Microsoft Visual Studio Solution File, Format Version 12.00
# Visual Studio Version 17
VisualStudioVersion = 17.0.31903.59
MinimumVisualStudioVersion = 10.0.40219.1
Project("{2150E333-8FDC-42A3-9474-1A3956D46DE8}") = "src", "src", "{827E0CD3-B72D-47B6-A68D-7590B98EB39B}"
EndProject
Project("{FAE04EC0-301F-11D3-BF4B-00C04F79EFBC}") = "MetricsHub.Domain", "src\MetricsHub.Domain\MetricsHub.Domain.csproj", "{D8C89E78-C1DE-432D-AFAD-02EC929540EA}"
EndProject
Project("{FAE04EC0-301F-11D3-BF4B-00C04F79EFBC}") = "MetricsHub.Application", "src\MetricsHub.Application\MetricsHub.Application.csproj", "{CEC0E696-0872-433F-A640-5AE0F403F244}"
EndProject
Project("{FAE04EC0-301F-11D3-BF4B-00C04F79EFBC}") = "MetricsHub.Infrastructure", "src\MetricsHub.Infrastructure\MetricsHub.Infrastructure.csproj", "{44770DE5-2201-4703-BE32-08D0170BAB34}"
EndProject
Project("{FAE04EC0-301F-11D3-BF4B-00C04F79EFBC}") = "MetricsHub.Api", "src\MetricsHub.Api\MetricsHub.Api.csproj", "{A88B879F-EC08-4B48-993D-CF9217E69856}"
EndProject
Project("{FAE04EC0-301F-11D3-BF4B-00C04F79EFBC}") = "MetricsHub.Web", "src\MetricsHub.Web\MetricsHub.Web.csproj", "{F47052E8-AF88-447F-810F-B3BC6AF1C29D}"
EndProject
Project("{2150E333-8FDC-42A3-9474-1A3956D46DE8}") = "tests", "tests", "{0AB3BF05-4346-4AA6-1389-037BE0695223}"
EndProject
Project("{FAE04EC0-301F-11D3-BF4B-00C04F79EFBC}") = "MetricsHub.UnitTests", "tests\MetricsHub.UnitTests\MetricsHub.UnitTests.csproj", "{E5997324-E1A0-43E4-9AC0-E707F9182E30}"
EndProject
Project("{FAE04EC0-301F-11D3-BF4B-00C04F79EFBC}") = "MetricsHub.IntegrationTests", "tests\MetricsHub.IntegrationTests\MetricsHub.IntegrationTests.csproj", "{0AD3BD94-C002-4C7F-B734-A7DD48625452}"
EndProject
Project("{FAE04EC0-301F-11D3-BF4B-00C04F79EFBC}") = "MetricsHub.DeviceSimulator", "src\MetricsHub.DeviceSimulator\MetricsHub.DeviceSimulator.csproj", "{E4089901-C5F6-4A83-916B-2C8B2A03FD40}"
EndProject
Global
	GlobalSection(SolutionConfigurationPlatforms) = preSolution
		Debug|Any CPU = Debug|Any CPU
		Debug|x64 = Debug|x64
		Debug|x86 = Debug|x86
		Release|Any CPU = Release|Any CPU
		Release|x64 = Release|x64
		Release|x86 = Release|x86
	EndGlobalSection
	GlobalSection(ProjectConfigurationPlatforms) = postSolution
		{D8C89E78-C1DE-432D-AFAD-02EC929540EA}.Debug|Any CPU.ActiveCfg = Debug|Any CPU
		{D8C89E78-C1DE-432D-AFAD-02EC929540EA}.Debug|Any CPU.Build.0 = Debug|Any CPU
		{D8C89E78-C1DE-432D-AFAD-02EC929540EA}.Debug|x64.ActiveCfg = Debug|Any CPU
		{D8C89E78-C1DE-432D-AFAD-02EC929540EA}.Debug|x64.Build.0 = Debug|Any CPU
		{D8C89E78-C1DE-432D-AFAD-02EC929540EA}.Debug|x86.ActiveCfg = Debug|Any CPU
		{D8C89E78-C1DE-432D-AFAD-02EC929540EA}.Debug|x86.Build.0 = Debug|Any CPU
		{D8C89E78-C1DE-432D-AFAD-02EC929540EA}.Release|Any CPU.ActiveCfg = Release|Any CPU
		{D8C89E78-C1DE-432D-AFAD-02EC929540EA}.Release|Any CPU.Build.0 = Release|Any CPU
		{D8C89E78-C1DE-432D-AFAD-02EC929540EA}.Release|x64.ActiveCfg = Release|Any CPU
		{D8C89E78-C1DE-432D-AFAD-02EC929540EA}.Release|x64.Build.0 = Release|Any CPU
		{D8C89E78-C1DE-432D-AFAD-02EC929540EA}.Release|x86.ActiveCfg = Release|Any CPU
		{D8C89E78-C1DE-432D-AFAD-02EC929540EA}.Release|x86.Build.0 = Release|Any CPU
		{CEC0E696-0872-433F-A640-5AE0F403F244}.Debug|Any CPU.ActiveCfg = Debug|Any CPU
		{CEC0E696-0872-433F-A640-5AE0F403F244}.Debug|Any CPU.Build.0 = Debug|Any CPU
		{CEC0E696-0872-433F-A640-5AE0F403F244}.Debug|x64.ActiveCfg = Debug|Any CPU
		{CEC0E696-0872-433F-A640-5AE0F403F244}.Debug|x64.Build.0 = Debug|Any CPU
		{CEC0E696-0872-433F-A640-5AE0F403F244}.Debug|x86.ActiveCfg = Debug|Any CPU
		{CEC0E696-0872-433F-A640-5AE0F403F244}.Debug|x86.Build.0 = Debug|Any CPU
		{CEC0E696-0872-433F-A640-5AE0F403F244}.Release|Any CPU.ActiveCfg = Release|Any CPU
		{CEC0E696-0872-433F-A640-5AE0F403F244}.Release|Any CPU.Build.0 = Release|Any CPU
		{CEC0E696-0872-433F-A640-5AE0F403F244}.Release|x64.ActiveCfg = Release|Any CPU
		{CEC0E696-0872-433F-A640-5AE0F403F244}.Release|x64.Build.0 = Release|Any CPU
		{CEC0E696-0872-433F-A640-5AE0F403F244}.Release|x86.ActiveCfg = Release|Any CPU
		{CEC0E696-0872-433F-A640-5AE0F403F244}.Release|x86.Build.0 = Release|Any CPU
		{44770DE5-2201-4703-BE32-08D0170BAB34}.Debug|Any CPU.ActiveCfg = Debug|Any CPU
		{44770DE5-2201-4703-BE32-08D0170BAB34}.Debug|Any CPU.Build.0 = Debug|Any CPU
		{44770DE5-2201-4703-BE32-08D0170BAB34}.Debug|x64.ActiveCfg = Debug|Any CPU
		{44770DE5-2201-4703-BE32-08D0170BAB34}.Debug|x64.Build.0 = Debug|Any CPU
		{44770DE5-2201-4703-BE32-08D0170BAB34}.Debug|x86.ActiveCfg = Debug|Any CPU
		{44770DE5-2201-4703-BE32-08D0170BAB34}.Debug|x86.Build.0 = Debug|Any CPU
		{44770DE5-2201-4703-BE32-08D0170BAB34}.Release|Any CPU.ActiveCfg = Release|Any CPU
		{44770DE5-2201-4703-BE32-08D0170BAB34}.Release|Any CPU.Build.0 = Release|Any CPU
		{44770DE5-2201-4703-BE32-08D0170BAB34}.Release|x64.ActiveCfg = Release|Any CPU
		{44770DE5-2201-4703-BE32-08D0170BAB34}.Release|x64.Build.0 = Release|Any CPU
		{44770DE5-2201-4703-BE32-08D0170BAB34}.Release|x86.ActiveCfg = Release|Any CPU
		{44770DE5-2201-4703-BE32-08D0170BAB34}.Release|x86.Build.0 = Release|Any CPU
		{A88B879F-EC08-4B48-993D-CF9217E69856}.Debug|Any CPU.ActiveCfg = Debug|Any CPU
		{A88B879F-EC08-4B48-993D-CF9217E69856}.Debug|Any CPU.Build.0 = Debug|Any CPU
		{A88B879F-EC08-4B48-993D-CF9217E69856}.Debug|x64.ActiveCfg = Debug|Any CPU
		{A88B879F-EC08-4B48-993D-CF9217E69856}.Debug|x64.Build.0 = Debug|Any CPU
		{A88B879F-EC08-4B48-993D-CF9217E69856}.Debug|x86.ActiveCfg = Debug|Any CPU
		{A88B879F-EC08-4B48-993D-CF9217E69856}.Debug|x86.Build.0 = Debug|Any CPU
		{A88B879F-EC08-4B48-993D-CF9217E69856}.Release|Any CPU.ActiveCfg = Release|Any CPU
		{A88B879F-EC08-4B48-993D-CF9217E69856}.Release|Any CPU.Build.0 = Release|Any CPU
		{A88B879F-EC08-4B48-993D-CF9217E69856}.Release|x64.ActiveCfg = Release|Any CPU
		{A88B879F-EC08-4B48-993D-CF9217E69856}.Release|x64.Build.0 = Release|Any CPU
		{A88B879F-EC08-4B48-993D-CF9217E69856}.Release|x86.ActiveCfg = Release|Any CPU
		{A88B879F-EC08-4B48-993D-CF9217E69856}.Release|x86.Build.0 = Release|Any CPU
		{F47052E8-AF88-447F-810F-B3BC6AF1C29D}.Debug|Any CPU.ActiveCfg = Debug|Any CPU
		{F47052E8-AF88-447F-810F-B3BC6AF1C29D}.Debug|Any CPU.Build.0 = Debug|Any CPU
		{F47052E8-AF88-447F-810F-B3BC6AF1C29D}.Debug|x64.ActiveCfg = Debug|Any CPU
		{F47052E8-AF88-447F-810F-B3BC6AF1C29D}.Debug|x64.Build.0 = Debug|Any CPU
		{F47052E8-AF88-447F-810F-B3BC6AF1C29D}.Debug|x86.ActiveCfg = Debug|Any CPU
		{F47052E8-AF88-447F-810F-B3BC6AF1C29D}.Debug|x86.Build.0 = Debug|Any CPU
		{F47052E8-AF88-447F-810F-B3BC6AF1C29D}.Release|Any CPU.ActiveCfg = Release|Any CPU
		{F47052E8-AF88-447F-810F-B3BC6AF1C29D}.Release|Any CPU.Build.0 = Release|Any CPU
		{F47052E8-AF88-447F-810F-B3BC6AF1C29D}.Release|x64.ActiveCfg = Release|Any CPU
		{F47052E8-AF88-447F-810F-B3BC6AF1C29D}.Release|x64.Build.0 = Release|Any CPU
		{F47052E8-AF88-447F-810F-B3BC6AF1C29D}.Release|x86.ActiveCfg = Release|Any CPU
		{F47052E8-AF88-447F-810F-B3BC6AF1C29D}.Release|x86.Build.0 = Release|Any CPU
		{E5997324-E1A0-43E4-9AC0-E707F9182E30}.Debug|Any CPU.ActiveCfg = Debug|Any CPU
		{E5997324-E1A0-43E4-9AC0-E707F9182E30}.Debug|Any CPU.Build.0 = Debug|Any CPU
		{E5997324-E1A0-43E4-9AC0-E707F9182E30}.Debug|x64.ActiveCfg = Debug|Any CPU
		{E5997324-E1A0-43E4-9AC0-E707F9182E30}.Debug|x64.Build.0 = Debug|Any CPU
		{E5997324-E1A0-43E4-9AC0-E707F9182E30}.Debug|x86.ActiveCfg = Debug|Any CPU
		{E5997324-E1A0-43E4-9AC0-E707F9182E30}.Debug|x86.Build.0 = Debug|Any CPU
		{E5997324-E1A0-43E4-9AC0-E707F9182E30}.Release|Any CPU.ActiveCfg = Release|Any CPU
		{E5997324-E1A0-43E4-9AC0-E707F9182E30}.Release|Any CPU.Build.0 = Release|Any CPU
		{E5997324-E1A0-43E4-9AC0-E707F9182E30}.Release|x64.ActiveCfg = Release|Any CPU
		{E5997324-E1A0-43E4-9AC0-E707F9182E30}.Release|x64.Build.0 = Release|Any CPU
		{E5997324-E1A0-43E4-9AC0-E707F9182E30}.Release|x86.ActiveCfg = Release|Any CPU
		{E5997324-E1A0-43E4-9AC0-E707F9182E30}.Release|x86.Build.0 = Release|Any CPU
		{0AD3BD94-C002-4C7F-B734-A7DD48625452}.Debug|Any CPU.ActiveCfg = Debug|Any CPU
		{0AD3BD94-C002-4C7F-B734-A7DD48625452}.Debug|Any CPU.Build.0 = Debug|Any CPU
		{0AD3BD94-C002-4C7F-B734-A7DD48625452}.Debug|x64.ActiveCfg = Debug|Any CPU
		{0AD3BD94-C002-4C7F-B734-A7DD48625452}.Debug|x64.Build.0 = Debug|Any CPU
		{0AD3BD94-C002-4C7F-B734-A7DD48625452}.Debug|x86.ActiveCfg = Debug|Any CPU
		{0AD3BD94-C002-4C7F-B734-A7DD48625452}.Debug|x86.Build.0 = Debug|Any CPU
		{0AD3BD94-C002-4C7F-B734-A7DD48625452}.Release|Any CPU.ActiveCfg = Release|Any CPU
		{0AD3BD94-C002-4C7F-B734-A7DD48625452}.Release|Any CPU.Build.0 = Release|Any CPU
		{0AD3BD94-C002-4C7F-B734-A7DD48625452}.Release|x64.ActiveCfg = Release|Any CPU
		{0AD3BD94-C002-4C7F-B734-A7DD48625452}.Release|x64.Build.0 = Release|Any CPU
		{0AD3BD94-C002-4C7F-B734-A7DD48625452}.Release|x86.ActiveCfg = Release|Any CPU
		{0AD3BD94-C002-4C7F-B734-A7DD48625452}.Release|x86.Build.0 = Release|Any CPU
		{E4089901-C5F6-4A83-916B-2C8B2A03FD40}.Debug|Any CPU.ActiveCfg = Debug|Any CPU
		{E4089901-C5F6-4A83-916B-2C8B2A03FD40}.Debug|Any CPU.Build.0 = Debug|Any CPU
		{E4089901-C5F6-4A83-916B-2C8B2A03FD40}.Debug|x64.ActiveCfg = Debug|Any CPU
		{E4089901-C5F6-4A83-916B-2C8B2A03FD40}.Debug|x64.Build.0 = Debug|Any CPU
		{E4089901-C5F6-4A83-916B-2C8B2A03FD40}.Debug|x86.ActiveCfg = Debug|Any CPU
		{E4089901-C5F6-4A83-916B-2C8B2A03FD40}.Debug|x86.Build.0 = Debug|Any CPU
		{E4089901-C5F6-4A83-916B-2C8B2A03FD40}.Release|Any CPU.ActiveCfg = Release|Any CPU
		{E4089901-C5F6-4A83-916B-2C8B2A03FD40}.Release|Any CPU.Build.0 = Release|Any CPU
		{E4089901-C5F6-4A83-916B-2C8B2A03FD40}.Release|x64.ActiveCfg = Release|Any CPU
		{E4089901-C5F6-4A83-916B-2C8B2A03FD40}.Release|x64.Build.0 = Release|Any CPU
		{E4089901-C5F6-4A83-916B-2C8B2A03FD40}.Release|x86.ActiveCfg = Release|Any CPU
		{E4089901-C5F6-4A83-916B-2C8B2A03FD40}.Release|x86.Build.0 = Release|Any CPU
	EndGlobalSection
	GlobalSection(SolutionProperties) = preSolution
		HideSolutionNode = FALSE
	EndGlobalSection
	GlobalSection(NestedProjects) = preSolution
		{D8C89E78-C1DE-432D-AFAD-02EC929540EA} = {827E0CD3-B72D-47B6-A68D-7590B98EB39B}
		{CEC0E696-0872-433F-A640-5AE0F403F244} = {827E0CD3-B72D-47B6-A68D-7590B98EB39B}
		{44770DE5-2201-4703-BE32-08D0170BAB34} = {827E0CD3-B72D-47B6-A68D-7590B98EB39B}
		{A88B879F-EC08-4B48-993D-CF9217E69856} = {827E0CD3-B72D-47B6-A68D-7590B98EB39B}
		{F47052E8-AF88-447F-810F-B3BC6AF1C29D} = {827E0CD3-B72D-47B6-A68D-7590B98EB39B}
		{E5997324-E1A0-43E4-9AC0-E707F9182E30} = {0AB3BF05-4346-4AA6-1389-037BE0695223}
		{0AD3BD94-C002-4C7F-B734-A7DD48625452} = {0AB3BF05-4346-4AA6-1389-037BE0695223}
		{E4089901-C5F6-4A83-916B-2C8B2A03FD40} = {827E0CD3-B72D-47B6-A68D-7590B98EB39B}
	EndGlobalSection
EndGlobal
